
Microsoft Visual Studio Solution File, Format Version 12.00
# Visual Studio 2012
Project("{FAE04EC0-301F-11D3-BF4B-00C04F79EFBC}") = "angular-test-net", "angular-test-net\angular-test-net.csproj", "{FABA3EC1-99C4-4378-9C7D-A1DCAD099634}"
EndProject
Global
	GlobalSection(SolutionConfigurationPlatforms) = preSolution
		Debug|Any CPU = Debug|Any CPU
		Release|Any CPU = Release|Any CPU
	EndGlobalSection
	GlobalSection(ProjectConfigurationPlatforms) = postSolution
		{FABA3EC1-99C4-4378-9C7D-A1DCAD099634}.Debug|Any CPU.ActiveCfg = Debug|Any CPU
		{FABA3EC1-99C4-4378-9C7D-A1DCAD099634}.Debug|Any CPU.Build.0 = Debug|Any CPU
		{FABA3EC1-99C4-4378-9C7D-A1DCAD099634}.Release|Any CPU.ActiveCfg = Release|Any CPU
		{FABA3EC1-99C4-4378-9C7D-A1DCAD099634}.Release|Any CPU.Build.0 = Release|Any CPU
	EndGlobalSection
EndGlobal
